{
  "name": "asp.net",
  "version": "1.0.0",
  "lockfileVersion": 1,
  "requires": true,
  "dependencies": {
    "@types/jquery": {
      "version": "3.5.14",
      "resolved": "https://registry.npmjs.org/@types/jquery/-/jquery-3.5.14.tgz",
      "integrity": "sha512-X1gtMRMbziVQkErhTQmSe2jFwwENA/Zr+PprCkF63vFq+Yt5PZ4AlKqgmeNlwgn7dhsXEK888eIW2520EpC+xg==",
      "requires": {
        "@types/sizzle": "*"
      }
    },
    "@types/jqueryui": {
      "version": "1.12.16",
      "resolved": "https://registry.npmjs.org/@types/jqueryui/-/jqueryui-1.12.16.tgz",
      "integrity": "sha512-6huAQDpNlso9ayaUT9amBOA3kj02OCeUWs+UvDmbaJmwkHSg/HLsQOoap/D5uveN9ePwl72N45Bl+Frp5xyG1Q==",
      "requires": {
        "@types/jquery": "*"
      }
    },
    "@types/sizzle": {
      "version": "2.3.3",
      "resolved": "https://registry.npmjs.org/@types/sizzle/-/sizzle-2.3.3.tgz",
      "integrity": "sha512-JYM8x9EGF163bEyhdJBpR2QX1R5naCJHC8ucJylJ3w9/CVBaskdQ8WqBf8MmQrd1kRvp/a4TS8HJ+bxzR7ZJYQ=="
    },
    "@types/summernote": {
      "version": "0.8.7",
      "resolved": "https://registry.npmjs.org/@types/summernote/-/summernote-0.8.7.tgz",
      "integrity": "sha512-t4y3T9DWLGuHauiW+qLsThPjdiELyeVP3kG7blUUQHF6w6xJd8Fvm/pKflgY5/3k3Kdn8hO06Krq2YM+N5vExw==",
      "requires": {
        "@types/jquery": "*"
      }
    },
    "hello-week": {
      "version": "2.13.0",
      "resolved": "https://registry.npmjs.org/hello-week/-/hello-week-2.13.0.tgz",
      "integrity": "sha512-ZdP7Z1KzpMsz4Y5ubYBPmOp+Fe6Pnu9PSgueQnhUDqHTDO5SesnJSNEwvWpgj4FGy3YvLxF/zqW9WCULExMHMQ==",
      "dev": true
    }
  }
}
