{
  "name": "asp.net",
  "version": "1.0.0",
  "lockfileVersion": 1,
  "requires": true,
  "dependencies": {
    "@fullcalendar/core": {
      "version": "6.1.5",
      "resolved": "https://registry.npmjs.org/@fullcalendar/core/-/core-6.1.5.tgz",
      "integrity": "sha512-U3ZJy1JGAgvyXG4iLWvTW4osbkt5Fj9gmbU1B+RyRhiqwXGE0F329sX7kqLTzj3QI1IPzyq6xnJfWUIsAe7+qw==",
      "requires": {
        "preact": "~10.12.1"
      }
    },
    "@fullcalendar/daygrid": {
      "version": "6.1.5",
      "resolved": "https://registry.npmjs.org/@fullcalendar/daygrid/-/daygrid-6.1.5.tgz",
      "integrity": "sha512-wXQUNPOyEQ1FEHVdtxP/tLcAAGwY4zeFejujhcznhKC751X8voInF+7kFmI7GDTVgX9cd72Muku3c+gHi8ygEQ=="
    },
    "@fullcalendar/list": {
      "version": "6.1.5",
      "resolved": "https://registry.npmjs.org/@fullcalendar/list/-/list-6.1.5.tgz",
      "integrity": "sha512-Z34h32ZuI0+sU6GdV2WrXnF6Z17VvsagjSBY+8/bMrMHfDoLbT76sGfoI6N0GCAr7aW9N2NgWWz8kuQw9uFAZQ=="
    },
    "@fullcalendar/timegrid": {
      "version": "6.1.5",
      "resolved": "https://registry.npmjs.org/@fullcalendar/timegrid/-/timegrid-6.1.5.tgz",
      "integrity": "sha512-phofe7XQ+JbejQB9zGqtZOGmPr/vMkfkK5dwPY4rOjxZOG/wspL3aXoSurmXaVP5CIiRWBvX9QPq0UgVJt0j5A==",
      "requires": {
        "@fullcalendar/daygrid": "~6.1.5"
      }
    },
    "@types/jquery": {
      "version": "3.5.14",
      "resolved": "https://registry.npmjs.org/@types/jquery/-/jquery-3.5.14.tgz",
      "integrity": "sha512-X1gtMRMbziVQkErhTQmSe2jFwwENA/Zr+PprCkF63vFq+Yt5PZ4AlKqgmeNlwgn7dhsXEK888eIW2520EpC+xg==",
      "requires": {
        "@types/sizzle": "*"
      }
    },
    "@types/jqueryui": {
      "version": "1.12.16",
      "resolved": "https://registry.npmjs.org/@types/jqueryui/-/jqueryui-1.12.16.tgz",
      "integrity": "sha512-6huAQDpNlso9ayaUT9amBOA3kj02OCeUWs+UvDmbaJmwkHSg/HLsQOoap/D5uveN9ePwl72N45Bl+Frp5xyG1Q==",
      "requires": {
        "@types/jquery": "*"
      }
    },
    "@types/sizzle": {
      "version": "2.3.3",
      "resolved": "https://registry.npmjs.org/@types/sizzle/-/sizzle-2.3.3.tgz",
      "integrity": "sha512-JYM8x9EGF163bEyhdJBpR2QX1R5naCJHC8ucJylJ3w9/CVBaskdQ8WqBf8MmQrd1kRvp/a4TS8HJ+bxzR7ZJYQ=="
    },
    "@types/summernote": {
      "version": "0.8.7",
      "resolved": "https://registry.npmjs.org/@types/summernote/-/summernote-0.8.7.tgz",
      "integrity": "sha512-t4y3T9DWLGuHauiW+qLsThPjdiELyeVP3kG7blUUQHF6w6xJd8Fvm/pKflgY5/3k3Kdn8hO06Krq2YM+N5vExw==",
      "requires": {
        "@types/jquery": "*"
      }
    },
    "frappe-gantt": {
      "version": "0.6.1",
      "resolved": "https://registry.npmjs.org/frappe-gantt/-/frappe-gantt-0.6.1.tgz",
      "integrity": "sha512-1cSU9vLbwypjzaxnCfnEE03Xr3HlAV2S8dRtjxw62o+amkx1A8bBIFd2jp84mcDdTCM77Ij4LzZBslAKZB8oMg=="
    },
    "hello-week": {
      "version": "2.13.0",
      "resolved": "https://registry.npmjs.org/hello-week/-/hello-week-2.13.0.tgz",
      "integrity": "sha512-ZdP7Z1KzpMsz4Y5ubYBPmOp+Fe6Pnu9PSgueQnhUDqHTDO5SesnJSNEwvWpgj4FGy3YvLxF/zqW9WCULExMHMQ=="
    },
    "preact": {
      "version": "10.12.1",
      "resolved": "https://registry.npmjs.org/preact/-/preact-10.12.1.tgz",
      "integrity": "sha512-l8386ixSsBdbreOAkqtrwqHwdvR35ID8c3rKPa8lCWuO86dBi32QWHV4vfsZK1utLLFMvw+Z5Ad4XLkZzchscg=="
    },
    "url-slug": {
      "version": "3.0.4",
      "resolved": "https://registry.npmjs.org/url-slug/-/url-slug-3.0.4.tgz",
      "integrity": "sha512-C880WJTo68O4J59i+w9Yp4P0iDUrMeCAVwNvHAYjSc59XsO4pkPfe8bsEHEyZrEfWWy8BDyxMQi6BPVHp/GEbg=="
    }
  }
}
